
Microsoft Visual Studio Solution File, Format Version 12.00
# Visual Studio Version 16
VisualStudioVersion = 16.0.32002.261
MinimumVisualStudioVersion = 10.0.40219.1
Project("{FAE04EC0-301F-11D3-BF4B-00C04F79EFBC}") = "Inventory1", "Inventory1.csproj", "{BBFCE967-6A7F-4638-A6AD-51564CA18115}"
EndProject
Global
	GlobalSection(SolutionConfigurationPlatforms) = preSolution
		Debug|Any CPU = Debug|Any CPU
		Release|Any CPU = Release|Any CPU
	EndGlobalSection
	GlobalSection(ProjectConfigurationPlatforms) = postSolution
		{BBFCE967-6A7F-4638-A6AD-51564CA18115}.Debug|Any CPU.ActiveCfg = Debug|Any CPU
		{BBFCE967-6A7F-4638-A6AD-51564CA18115}.Debug|Any CPU.Build.0 = Debug|Any CPU
		{BBFCE967-6A7F-4638-A6AD-51564CA18115}.Release|Any CPU.ActiveCfg = Release|Any CPU
		{BBFCE967-6A7F-4638-A6AD-51564CA18115}.Release|Any CPU.Build.0 = Release|Any CPU
	EndGlobalSection
	GlobalSection(SolutionProperties) = preSolution
		HideSolutionNode = FALSE
	EndGlobalSection
	GlobalSection(ExtensibilityGlobals) = postSolution
		SolutionGuid = {1BF92D61-45E4-4180-95E8-6D862CD26707}
	EndGlobalSection
EndGlobal
